// !$*UTF8*$!
{
	archiveVersion = 1;
	classes = {
	};
	objectVersion = 50;
	objects = {

/* Begin PBXBuildFile section */
		D15C26FB79FC28749BB9BF03 /* Pods_GPChallenge.framework in Frameworks */ = {isa = PBXBuildFile; fileRef = 63064805A469BFA9AAD32ADF /* Pods_GPChallenge.framework */; };
		F7070326224721AA0086DCB5 /* AppDelegate.swift in Sources */ = {isa = PBXBuildFile; fileRef = F7070325224721AA0086DCB5 /* AppDelegate.swift */; };
		F7070328224721AA0086DCB5 /* ViewController.swift in Sources */ = {isa = PBXBuildFile; fileRef = F7070327224721AA0086DCB5 /* ViewController.swift */; };
		F707032B224721AA0086DCB5 /* Main.storyboard in Resources */ = {isa = PBXBuildFile; fileRef = F7070329224721AA0086DCB5 /* Main.storyboard */; };
		F707032D224721AC0086DCB5 /* Assets.xcassets in Resources */ = {isa = PBXBuildFile; fileRef = F707032C224721AC0086DCB5 /* Assets.xcassets */; };
		F7070330224721AC0086DCB5 /* LaunchScreen.storyboard in Resources */ = {isa = PBXBuildFile; fileRef = F707032E224721AC0086DCB5 /* LaunchScreen.storyboard */; };
		F707033B224721AD0086DCB5 /* GPChallengeTests.swift in Sources */ = {isa = PBXBuildFile; fileRef = F707033A224721AD0086DCB5 /* GPChallengeTests.swift */; };
		F7070346224721AD0086DCB5 /* GPChallengeUITests.swift in Sources */ = {isa = PBXBuildFile; fileRef = F7070345224721AD0086DCB5 /* GPChallengeUITests.swift */; };
		F7070354224728CD0086DCB5 /* Extensions.swift in Sources */ = {isa = PBXBuildFile; fileRef = F7070353224728CD0086DCB5 /* Extensions.swift */; };
/* End PBXBuildFile section */

/* Begin PBXContainerItemProxy section */
		F7070337224721AD0086DCB5 /* PBXContainerItemProxy */ = {
			isa = PBXContainerItemProxy;
			containerPortal = F707031A224721AA0086DCB5 /* Project object */;
			proxyType = 1;
			remoteGlobalIDString = F7070321224721AA0086DCB5;
			remoteInfo = GPChallenge;
		};
		F7070342224721AD0086DCB5 /* PBXContainerItemProxy */ = {
			isa = PBXContainerItemProxy;
			containerPortal = F707031A224721AA0086DCB5 /* Project object */;
			proxyType = 1;
			remoteGlobalIDString = F7070321224721AA0086DCB5;
			remoteInfo = GPChallenge;
		};
/* End PBXContainerItemProxy section */

/* Begin PBXFileReference section */
		63064805A469BFA9AAD32ADF /* Pods_GPChallenge.framework */ = {isa = PBXFileReference; explicitFileType = wrapper.framework; includeInIndex = 0; path = Pods_GPChallenge.framework; sourceTree = BUILT_PRODUCTS_DIR; };
		745C3C539B12ED2387D778A9 /* Pods-GPChallenge.release.xcconfig */ = {isa = PBXFileReference; includeInIndex = 1; lastKnownFileType = text.xcconfig; name = "Pods-GPChallenge.release.xcconfig"; path = "Target Support Files/Pods-GPChallenge/Pods-GPChallenge.release.xcconfig"; sourceTree = "<group>"; };
		B6E199F7E68FFE7B34DFA14F /* Pods-GPChallenge.debug.xcconfig */ = {isa = PBXFileReference; includeInIndex = 1; lastKnownFileType = text.xcconfig; name = "Pods-GPChallenge.debug.xcconfig"; path = "Target Support Files/Pods-GPChallenge/Pods-GPChallenge.debug.xcconfig"; sourceTree = "<group>"; };
		F7070322224721AA0086DCB5 /* GPChallenge.app */ = {isa = PBXFileReference; explicitFileType = wrapper.application; includeInIndex = 0; path = GPChallenge.app; sourceTree = BUILT_PRODUCTS_DIR; };
		F7070325224721AA0086DCB5 /* AppDelegate.swift */ = {isa = PBXFileReference; lastKnownFileType = sourcecode.swift; path = AppDelegate.swift; sourceTree = "<group>"; };
		F7070327224721AA0086DCB5 /* ViewController.swift */ = {isa = PBXFileReference; lastKnownFileType = sourcecode.swift; path = ViewController.swift; sourceTree = "<group>"; };
		F707032A224721AA0086DCB5 /* Base */ = {isa = PBXFileReference; lastKnownFileType = file.storyboard; name = Base; path = Base.lproj/Main.storyboard; sourceTree = "<group>"; };
		F707032C224721AC0086DCB5 /* Assets.xcassets */ = {isa = PBXFileReference; lastKnownFileType = folder.assetcatalog; path = Assets.xcassets; sourceTree = "<group>"; };
		F707032F224721AC0086DCB5 /* Base */ = {isa = PBXFileReference; lastKnownFileType = file.storyboard; name = Base; path = Base.lproj/LaunchScreen.storyboard; sourceTree = "<group>"; };
		F7070331224721AC0086DCB5 /* Info.plist */ = {isa = PBXFileReference; lastKnownFileType = text.plist.xml; path = Info.plist; sourceTree = "<group>"; };
		F7070336224721AD0086DCB5 /* GPChallengeTests.xctest */ = {isa = PBXFileReference; explicitFileType = wrapper.cfbundle; includeInIndex = 0; path = GPChallengeTests.xctest; sourceTree = BUILT_PRODUCTS_DIR; };
		F707033A224721AD0086DCB5 /* GPChallengeTests.swift */ = {isa = PBXFileReference; lastKnownFileType = sourcecode.swift; path = GPChallengeTests.swift; sourceTree = "<group>"; };
		F707033C224721AD0086DCB5 /* Info.plist */ = {isa = PBXFileReference; lastKnownFileType = text.plist.xml; path = Info.plist; sourceTree = "<group>"; };
		F7070341224721AD0086DCB5 /* GPChallengeUITests.xctest */ = {isa = PBXFileReference; explicitFileType = wrapper.cfbundle; includeInIndex = 0; path = GPChallengeUITests.xctest; sourceTree = BUILT_PRODUCTS_DIR; };
		F7070345224721AD0086DCB5 /* GPChallengeUITests.swift */ = {isa = PBXFileReference; lastKnownFileType = sourcecode.swift; path = GPChallengeUITests.swift; sourceTree = "<group>"; };
		F7070347224721AD0086DCB5 /* Info.plist */ = {isa = PBXFileReference; lastKnownFileType = text.plist.xml; path = Info.plist; sourceTree = "<group>"; };
		F7070353224728CD0086DCB5 /* Extensions.swift */ = {isa = PBXFileReference; fileEncoding = 4; lastKnownFileType = sourcecode.swift; path = Extensions.swift; sourceTree = "<group>"; };
/* End PBXFileReference section */

/* Begin PBXFrameworksBuildPhase section */
		F707031F224721AA0086DCB5 /* Frameworks */ = {
			isa = PBXFrameworksBuildPhase;
			buildActionMask = 2147483647;
			files = (
				D15C26FB79FC28749BB9BF03 /* Pods_GPChallenge.framework in Frameworks */,
			);
			runOnlyForDeploymentPostprocessing = 0;
		};
		F7070333224721AD0086DCB5 /* Frameworks */ = {
			isa = PBXFrameworksBuildPhase;
			buildActionMask = 2147483647;
			files = (
			);
			runOnlyForDeploymentPostprocessing = 0;
		};
		F707033E224721AD0086DCB5 /* Frameworks */ = {
			isa = PBXFrameworksBuildPhase;
			buildActionMask = 2147483647;
			files = (
			);
			runOnlyForDeploymentPostprocessing = 0;
		};
/* End PBXFrameworksBuildPhase section */

/* Begin PBXGroup section */
		04903EC8B360EFC6033FBA6C /* Frameworks */ = {
			isa = PBXGroup;
			children = (
				63064805A469BFA9AAD32ADF /* Pods_GPChallenge.framework */,
			);
			name = Frameworks;
			sourceTree = "<group>";
		};
		8EA45ED592D3C6A99EBEEC0F /* Pods */ = {
			isa = PBXGroup;
			children = (
				B6E199F7E68FFE7B34DFA14F /* Pods-GPChallenge.debug.xcconfig */,
				745C3C539B12ED2387D778A9 /* Pods-GPChallenge.release.xcconfig */,
			);
			path = Pods;
			sourceTree = "<group>";
		};
		F7070319224721AA0086DCB5 = {
			isa = PBXGroup;
			children = (
				F7070324224721AA0086DCB5 /* GPChallenge */,
				F7070339224721AD0086DCB5 /* GPChallengeTests */,
				F7070344224721AD0086DCB5 /* GPChallengeUITests */,
				F7070323224721AA0086DCB5 /* Products */,
				8EA45ED592D3C6A99EBEEC0F /* Pods */,
				04903EC8B360EFC6033FBA6C /* Frameworks */,
			);
			sourceTree = "<group>";
		};
		F7070323224721AA0086DCB5 /* Products */ = {
			isa = PBXGroup;
			children = (
				F7070322224721AA0086DCB5 /* GPChallenge.app */,
				F7070336224721AD0086DCB5 /* GPChallengeTests.xctest */,
				F7070341224721AD0086DCB5 /* GPChallengeUITests.xctest */,
			);
			name = Products;
			sourceTree = "<group>";
		};
		F7070324224721AA0086DCB5 /* GPChallenge */ = {
			isa = PBXGroup;
			children = (
				F7070325224721AA0086DCB5 /* AppDelegate.swift */,
				F7070353224728CD0086DCB5 /* Extensions.swift */,
				F7070327224721AA0086DCB5 /* ViewController.swift */,
				F7070329224721AA0086DCB5 /* Main.storyboard */,
				F707032C224721AC0086DCB5 /* Assets.xcassets */,
				F707032E224721AC0086DCB5 /* LaunchScreen.storyboard */,
				F7070331224721AC0086DCB5 /* Info.plist */,
			);
			path = GPChallenge;
			sourceTree = "<group>";
		};
		F7070339224721AD0086DCB5 /* GPChallengeTests */ = {
			isa = PBXGroup;
			children = (
				F707033A224721AD0086DCB5 /* GPChallengeTests.swift */,
				F707033C224721AD0086DCB5 /* Info.plist */,
			);
			path = GPChallengeTests;
			sourceTree = "<group>";
		};
		F7070344224721AD0086DCB5 /* GPChallengeUITests */ = {
			isa = PBXGroup;
			children = (
				F7070345224721AD0086DCB5 /* GPChallengeUITests.swift */,
				F7070347224721AD0086DCB5 /* Info.plist */,
			);
			path = GPChallengeUITests;
			sourceTree = "<group>";
		};
/* End PBXGroup section */

/* Begin PBXNativeTarget section */
		F7070321224721AA0086DCB5 /* GPChallenge */ = {
			isa = PBXNativeTarget;
			buildConfigurationList = F707034A224721AD0086DCB5 /* Build configuration list for PBXNativeTarget "GPChallenge" */;
			buildPhases = (
				20961105C564C69EB9B333CB /* [CP] Check Pods Manifest.lock */,
				F707031E224721AA0086DCB5 /* Sources */,
				F707031F224721AA0086DCB5 /* Frameworks */,
				F7070320224721AA0086DCB5 /* Resources */,
				7F5C61818FA20E9767153A5F /* [CP] Embed Pods Frameworks */,
			);
			buildRules = (
			);
			dependencies = (
			);
			name = GPChallenge;
			productName = GPChallenge;
			productReference = F7070322224721AA0086DCB5 /* GPChallenge.app */;
			productType = "com.apple.product-type.application";
		};
		F7070335224721AD0086DCB5 /* GPChallengeTests */ = {
			isa = PBXNativeTarget;
			buildConfigurationList = F707034D224721AD0086DCB5 /* Build configuration list for PBXNativeTarget "GPChallengeTests" */;
			buildPhases = (
				F7070332224721AD0086DCB5 /* Sources */,
				F7070333224721AD0086DCB5 /* Frameworks */,
				F7070334224721AD0086DCB5 /* Resources */,
			);
			buildRules = (
			);
			dependencies = (
				F7070338224721AD0086DCB5 /* PBXTargetDependency */,
			);
			name = GPChallengeTests;
			productName = GPChallengeTests;
			productReference = F7070336224721AD0086DCB5 /* GPChallengeTests.xctest */;
			productType = "com.apple.product-type.bundle.unit-test";
		};
		F7070340224721AD0086DCB5 /* GPChallengeUITests */ = {
			isa = PBXNativeTarget;
			buildConfigurationList = F7070350224721AD0086DCB5 /* Build configuration list for PBXNativeTarget "GPChallengeUITests" */;
			buildPhases = (
				F707033D224721AD0086DCB5 /* Sources */,
				F707033E224721AD0086DCB5 /* Frameworks */,
				F707033F224721AD0086DCB5 /* Resources */,
			);
			buildRules = (
			);
			dependencies = (
				F7070343224721AD0086DCB5 /* PBXTargetDependency */,
			);
			name = GPChallengeUITests;
			productName = GPChallengeUITests;
			productReference = F7070341224721AD0086DCB5 /* GPChallengeUITests.xctest */;
			productType = "com.apple.product-type.bundle.ui-testing";
		};
/* End PBXNativeTarget section */

/* Begin PBXProject section */
		F707031A224721AA0086DCB5 /* Project object */ = {
			isa = PBXProject;
			attributes = {
				LastSwiftUpdateCheck = 1010;
				LastUpgradeCheck = 1010;
				ORGANIZATIONNAME = "Felipe Sinning";
				TargetAttributes = {
					F7070321224721AA0086DCB5 = {
						CreatedOnToolsVersion = 10.1;
					};
					F7070335224721AD0086DCB5 = {
						CreatedOnToolsVersion = 10.1;
						TestTargetID = F7070321224721AA0086DCB5;
					};
					F7070340224721AD0086DCB5 = {
						CreatedOnToolsVersion = 10.1;
						TestTargetID = F7070321224721AA0086DCB5;
					};
				};
			};
			buildConfigurationList = F707031D224721AA0086DCB5 /* Build configuration list for PBXProject "GPChallenge" */;
			compatibilityVersion = "Xcode 9.3";
			developmentRegion = en;
			hasScannedForEncodings = 0;
			knownRegions = (
				en,
				Base,
			);
			mainGroup = F7070319224721AA0086DCB5;
			productRefGroup = F7070323224721AA0086DCB5 /* Products */;
			projectDirPath = "";
			projectRoot = "";
			targets = (
				F7070321224721AA0086DCB5 /* GPChallenge */,
				F7070335224721AD0086DCB5 /* GPChallengeTests */,
				F7070340224721AD0086DCB5 /* GPChallengeUITests */,
			);
		};
/* End PBXProject section */

/* Begin PBXResourcesBuildPhase section */
		F7070320224721AA0086DCB5 /* Resources */ = {
			isa = PBXResourcesBuildPhase;
			buildActionMask = 2147483647;
			files = (
				F7070330224721AC0086DCB5 /* LaunchScreen.storyboard in Resources */,
				F707032D224721AC0086DCB5 /* Assets.xcassets in Resources */,
				F707032B224721AA0086DCB5 /* Main.storyboard in Resources */,
			);
			runOnlyForDeploymentPostprocessing = 0;
		};
		F7070334224721AD0086DCB5 /* Resources */ = {
			isa = PBXResourcesBuildPhase;
			buildActionMask = 2147483647;
			files = (
			);
			runOnlyForDeploymentPostprocessing = 0;
		};
		F707033F224721AD0086DCB5 /* Resources */ = {
			isa = PBXResourcesBuildPhase;
			buildActionMask = 2147483647;
			files = (
			);
			runOnlyForDeploymentPostprocessing = 0;
		};
/* End PBXResourcesBuildPhase section */

/* Begin PBXShellScriptBuildPhase section */
		20961105C564C69EB9B333CB /* [CP] Check Pods Manifest.lock */ = {
			isa = PBXShellScriptBuildPhase;
			buildActionMask = 2147483647;
			files = (
			);
			inputFileListPaths = (
			);
			inputPaths = (
				"${PODS_PODFILE_DIR_PATH}/Podfile.lock",
				"${PODS_ROOT}/Manifest.lock",
			);
			name = "[CP] Check Pods Manifest.lock";
			outputFileListPaths = (
			);
			outputPaths = (
				"$(DERIVED_FILE_DIR)/Pods-GPChallenge-checkManifestLockResult.txt",
			);
			runOnlyForDeploymentPostprocessing = 0;
			shellPath = /bin/sh;
			shellScript = "diff \"${PODS_PODFILE_DIR_PATH}/Podfile.lock\" \"${PODS_ROOT}/Manifest.lock\" > /dev/null\nif [ $? != 0 ] ; then\n    # print error to STDERR\n    echo \"error: The sandbox is not in sync with the Podfile.lock. Run 'pod install' or update your CocoaPods installation.\" >&2\n    exit 1\nfi\n# This output is used by Xcode 'outputs' to avoid re-running this script phase.\necho \"SUCCESS\" > \"${SCRIPT_OUTPUT_FILE_0}\"\n";
			showEnvVarsInLog = 0;
		};
		7F5C61818FA20E9767153A5F /* [CP] Embed Pods Frameworks */ = {
			isa = PBXShellScriptBuildPhase;
			buildActionMask = 2147483647;
			files = (
			);
			inputFileListPaths = (
			);
			inputPaths = (
				"${PODS_ROOT}/Target Support Files/Pods-GPChallenge/Pods-GPChallenge-frameworks.sh",
				"${BUILT_PRODUCTS_DIR}/SwiftyJSON/SwiftyJSON.framework",
			);
			name = "[CP] Embed Pods Frameworks";
			outputFileListPaths = (
			);
			outputPaths = (
				"${TARGET_BUILD_DIR}/${FRAMEWORKS_FOLDER_PATH}/SwiftyJSON.framework",
			);
			runOnlyForDeploymentPostprocessing = 0;
			shellPath = /bin/sh;
			shellScript = "\"${PODS_ROOT}/Target Support Files/Pods-GPChallenge/Pods-GPChallenge-frameworks.sh\"\n";
			showEnvVarsInLog = 0;
		};
/* End PBXShellScriptBuildPhase section */

/* Begin PBXSourcesBuildPhase section */
		F707031E224721AA0086DCB5 /* Sources */ = {
			isa = PBXSourcesBuildPhase;
			buildActionMask = 2147483647;
			files = (
				F7070328224721AA0086DCB5 /* ViewController.swift in Sources */,
				F7070354224728CD0086DCB5 /* Extensions.swift in Sources */,
				F7070326224721AA0086DCB5 /* AppDelegate.swift in Sources */,
			);
			runOnlyForDeploymentPostprocessing = 0;
		};
		F7070332224721AD0086DCB5 /* Sources */ = {
			isa = PBXSourcesBuildPhase;
			buildActionMask = 2147483647;
			files = (
				F707033B224721AD0086DCB5 /* GPChallengeTests.swift in Sources */,
			);
			runOnlyForDeploymentPostprocessing = 0;
		};
		F707033D224721AD0086DCB5 /* Sources */ = {
			isa = PBXSourcesBuildPhase;
			buildActionMask = 2147483647;
			files = (
				F7070346224721AD0086DCB5 /* GPChallengeUITests.swift in Sources */,
			);
			runOnlyForDeploymentPostprocessing = 0;
		};
/* End PBXSourcesBuildPhase section */

/* Begin PBXTargetDependency section */
		F7070338224721AD0086DCB5 /* PBXTargetDependency */ = {
			isa = PBXTargetDependency;
			target = F7070321224721AA0086DCB5 /* GPChallenge */;
			targetProxy = F7070337224721AD0086DCB5 /* PBXContainerItemProxy */;
		};
		F7070343224721AD0086DCB5 /* PBXTargetDependency */ = {
			isa = PBXTargetDependency;
			target = F7070321224721AA0086DCB5 /* GPChallenge */;
			targetProxy = F7070342224721AD0086DCB5 /* PBXContainerItemProxy */;
		};
/* End PBXTargetDependency section */

/* Begin PBXVariantGroup section */
		F7070329224721AA0086DCB5 /* Main.storyboard */ = {
			isa = PBXVariantGroup;
			children = (
				F707032A224721AA0086DCB5 /* Base */,
			);
			name = Main.storyboard;
			sourceTree = "<group>";
		};
		F707032E224721AC0086DCB5 /* LaunchScreen.storyboard */ = {
			isa = PBXVariantGroup;
			children = (
				F707032F224721AC0086DCB5 /* Base */,
			);
			name = LaunchScreen.storyboard;
			sourceTree = "<group>";
		};
/* End PBXVariantGroup section */

/* Begin XCBuildConfiguration section */
		F7070348224721AD0086DCB5 /* Debug */ = {
			isa = XCBuildConfiguration;
			buildSettings = {
				ALWAYS_SEARCH_USER_PATHS = NO;
				CLANG_ANALYZER_NONNULL = YES;
				CLANG_ANALYZER_NUMBER_OBJECT_CONVERSION = YES_AGGRESSIVE;
				CLANG_CXX_LANGUAGE_STANDARD = "gnu++14";
				CLANG_CXX_LIBRARY = "libc++";
				CLANG_ENABLE_MODULES = YES;
				CLANG_ENABLE_OBJC_ARC = YES;
				CLANG_ENABLE_OBJC_WEAK = YES;
				CLANG_WARN_BLOCK_CAPTURE_AUTORELEASING = YES;
				CLANG_WARN_BOOL_CONVERSION = YES;
				CLANG_WARN_COMMA = YES;
				CLANG_WARN_CONSTANT_CONVERSION = YES;
				CLANG_WARN_DEPRECATED_OBJC_IMPLEMENTATIONS = YES;
				CLANG_WARN_DIRECT_OBJC_ISA_USAGE = YES_ERROR;
				CLANG_WARN_DOCUMENTATION_COMMENTS = YES;
				CLANG_WARN_EMPTY_BODY = YES;
				CLANG_WARN_ENUM_CONVERSION = YES;
				CLANG_WARN_INFINITE_RECURSION = YES;
				CLANG_WARN_INT_CONVERSION = YES;
				CLANG_WARN_NON_LITERAL_NULL_CONVERSION = YES;
				CLANG_WARN_OBJC_IMPLICIT_RETAIN_SELF = YES;
				CLANG_WARN_OBJC_LITERAL_CONVERSION = YES;
				CLANG_WARN_OBJC_ROOT_CLASS = YES_ERROR;
				CLANG_WARN_RANGE_LOOP_ANALYSIS = YES;
				CLANG_WARN_STRICT_PROTOTYPES = YES;
				CLANG_WARN_SUSPICIOUS_MOVE = YES;
				CLANG_WARN_UNGUARDED_AVAILABILITY = YES_AGGRESSIVE;
				CLANG_WARN_UNREACHABLE_CODE = YES;
				CLANG_WARN__DUPLICATE_METHOD_MATCH = YES;
				CODE_SIGN_IDENTITY = "iPhone Developer";
				COPY_PHASE_STRIP = NO;
				DEBUG_INFORMATION_FORMAT = dwarf;
				ENABLE_STRICT_OBJC_MSGSEND = YES;
				ENABLE_TESTABILITY = YES;
				GCC_C_LANGUAGE_STANDARD = gnu11;
				GCC_DYNAMIC_NO_PIC = NO;
				GCC_NO_COMMON_BLOCKS = YES;
				GCC_OPTIMIZATION_LEVEL = 0;
				GCC_PREPROCESSOR_DEFINITIONS = (
					"DEBUG=1",
					"$(inherited)",
				);
				GCC_WARN_64_TO_32_BIT_CONVERSION = YES;
				GCC_WARN_ABOUT_RETURN_TYPE = YES_ERROR;
				GCC_WARN_UNDECLARED_SELECTOR = YES;
				GCC_WARN_UNINITIALIZED_AUTOS = YES_AGGRESSIVE;
				GCC_WARN_UNUSED_FUNCTION = YES;
				GCC_WARN_UNUSED_VARIABLE = YES;
				IPHONEOS_DEPLOYMENT_TARGET = 12.1;
				MTL_ENABLE_DEBUG_INFO = INCLUDE_SOURCE;
				MTL_FAST_MATH = YES;
				ONLY_ACTIVE_ARCH = YES;
				SDKROOT = iphoneos;
				SWIFT_ACTIVE_COMPILATION_CONDITIONS = DEBUG;
				SWIFT_OPTIMIZATION_LEVEL = "-Onone";
			};
			name = Debug;
		};
		F7070349224721AD0086DCB5 /* Release */ = {
			isa = XCBuildConfiguration;
			buildSettings = {
				ALWAYS_SEARCH_USER_PATHS = NO;
				CLANG_ANALYZER_NONNULL = YES;
				CLANG_ANALYZER_NUMBER_OBJECT_CONVERSION = YES_AGGRESSIVE;
				CLANG_CXX_LANGUAGE_STANDARD = "gnu++14";
				CLANG_CXX_LIBRARY = "libc++";
				CLANG_ENABLE_MODULES = YES;
				CLANG_ENABLE_OBJC_ARC = YES;
				CLANG_ENABLE_OBJC_WEAK = YES;
				CLANG_WARN_BLOCK_CAPTURE_AUTORELEASING = YES;
				CLANG_WARN_BOOL_CONVERSION = YES;
				CLANG_WARN_COMMA = YES;
				CLANG_WARN_CONSTANT_CONVERSION = YES;
				CLANG_WARN_DEPRECATED_OBJC_IMPLEMENTATIONS = YES;
				CLANG_WARN_DIRECT_OBJC_ISA_USAGE = YES_ERROR;
				CLANG_WARN_DOCUMENTATION_COMMENTS = YES;
				CLANG_WARN_EMPTY_BODY = YES;
				CLANG_WARN_ENUM_CONVERSION = YES;
				CLANG_WARN_INFINITE_RECURSION = YES;
				CLANG_WARN_INT_CONVERSION = YES;
				CLANG_WARN_NON_LITERAL_NULL_CONVERSION = YES;
				CLANG_WARN_OBJC_IMPLICIT_RETAIN_SELF = YES;
				CLANG_WARN_OBJC_LITERAL_CONVERSION = YES;
				CLANG_WARN_OBJC_ROOT_CLASS = YES_ERROR;
				CLANG_WARN_RANGE_LOOP_ANALYSIS = YES;
				CLANG_WARN_STRICT_PROTOTYPES = YES;
				CLANG_WARN_SUSPICIOUS_MOVE = YES;
				CLANG_WARN_UNGUARDED_AVAILABILITY = YES_AGGRESSIVE;
				CLANG_WARN_UNREACHABLE_CODE = YES;
				CLANG_WARN__DUPLICATE_METHOD_MATCH = YES;
				CODE_SIGN_IDENTITY = "iPhone Developer";
				COPY_PHASE_STRIP = NO;
				DEBUG_INFORMATION_FORMAT = "dwarf-with-dsym";
				ENABLE_NS_ASSERTIONS = NO;
				ENABLE_STRICT_OBJC_MSGSEND = YES;
				GCC_C_LANGUAGE_STANDARD = gnu11;
				GCC_NO_COMMON_BLOCKS = YES;
				GCC_WARN_64_TO_32_BIT_CONVERSION = YES;
				GCC_WARN_ABOUT_RETURN_TYPE = YES_ERROR;
				GCC_WARN_UNDECLARED_SELECTOR = YES;
				GCC_WARN_UNINITIALIZED_AUTOS = YES_AGGRESSIVE;
				GCC_WARN_UNUSED_FUNCTION = YES;
				GCC_WARN_UNUSED_VARIABLE = YES;
				IPHONEOS_DEPLOYMENT_TARGET = 12.1;
				MTL_ENABLE_DEBUG_INFO = NO;
				MTL_FAST_MATH = YES;
				SDKROOT = iphoneos;
				SWIFT_COMPILATION_MODE = wholemodule;
				SWIFT_OPTIMIZATION_LEVEL = "-O";
				VALIDATE_PRODUCT = YES;
			};
			name = Release;
		};
		F707034B224721AD0086DCB5 /* Debug */ = {
			isa = XCBuildConfiguration;
			baseConfigurationReference = B6E199F7E68FFE7B34DFA14F /* Pods-GPChallenge.debug.xcconfig */;
			buildSettings = {
				ASSETCATALOG_COMPILER_APPICON_NAME = AppIcon;
				CODE_SIGN_STYLE = Automatic;
				INFOPLIST_FILE = GPChallenge/Info.plist;
				LD_RUNPATH_SEARCH_PATHS = (
					"$(inherited)",
					"@executable_path/Frameworks",
				);
				PRODUCT_BUNDLE_IDENTIFIER = com.timeplify.GPChallenge;
				PRODUCT_NAME = "$(TARGET_NAME)";
				SWIFT_VERSION = 4.2;
				TARGETED_DEVICE_FAMILY = "1,2";
			};
			name = Debug;
		};
		F707034C224721AD0086DCB5 /* Release */ = {
			isa = XCBuildConfiguration;
			baseConfigurationReference = 745C3C539B12ED2387D778A9 /* Pods-GPChallenge.release.xcconfig */;
			buildSettings = {
				ASSETCATALOG_COMPILER_APPICON_NAME = AppIcon;
				CODE_SIGN_STYLE = Automatic;
				INFOPLIST_FILE = GPChallenge/Info.plist;
				LD_RUNPATH_SEARCH_PATHS = (
					"$(inherited)",
					"@executable_path/Frameworks",
				);
				PRODUCT_BUNDLE_IDENTIFIER = com.timeplify.GPChallenge;
				PRODUCT_NAME = "$(TARGET_NAME)";
				SWIFT_VERSION = 4.2;
				TARGETED_DEVICE_FAMILY = "1,2";
			};
			name = Release;
		};
		F707034E224721AD0086DCB5 /* Debug */ = {
			isa = XCBuildConfiguration;
			buildSettings = {
				ALWAYS_EMBED_SWIFT_STANDARD_LIBRARIES = YES;
				BUNDLE_LOADER = "$(TEST_HOST)";
				CODE_SIGN_STYLE = Automatic;
				INFOPLIST_FILE = GPChallengeTests/Info.plist;
				LD_RUNPATH_SEARCH_PATHS = (
					"$(inherited)",
					"@executable_path/Frameworks",
					"@loader_path/Frameworks",
				);
				PRODUCT_BUNDLE_IDENTIFIER = com.timeplify.GPChallengeTests;
				PRODUCT_NAME = "$(TARGET_NAME)";
				SWIFT_VERSION = 4.2;
				TARGETED_DEVICE_FAMILY = "1,2";
				TEST_HOST = "$(BUILT_PRODUCTS_DIR)/GPChallenge.app/GPChallenge";
			};
			name = Debug;
		};
		F707034F224721AD0086DCB5 /* Release */ = {
			isa = XCBuildConfiguration;
			buildSettings = {
				ALWAYS_EMBED_SWIFT_STANDARD_LIBRARIES = YES;
				BUNDLE_LOADER = "$(TEST_HOST)";
				CODE_SIGN_STYLE = Automatic;
				INFOPLIST_FILE = GPChallengeTests/Info.plist;
				LD_RUNPATH_SEARCH_PATHS = (
					"$(inherited)",
					"@executable_path/Frameworks",
					"@loader_path/Frameworks",
				);
				PRODUCT_BUNDLE_IDENTIFIER = com.timeplify.GPChallengeTests;
				PRODUCT_NAME = "$(TARGET_NAME)";
				SWIFT_VERSION = 4.2;
				TARGETED_DEVICE_FAMILY = "1,2";
				TEST_HOST = "$(BUILT_PRODUCTS_DIR)/GPChallenge.app/GPChallenge";
			};
			name = Release;
		};
		F7070351224721AD0086DCB5 /* Debug */ = {
			isa = XCBuildConfiguration;
			buildSettings = {
				ALWAYS_EMBED_SWIFT_STANDARD_LIBRARIES = YES;
				CODE_SIGN_STYLE = Automatic;
				INFOPLIST_FILE = GPChallengeUITests/Info.plist;
				LD_RUNPATH_SEARCH_PATHS = (
					"$(inherited)",
					"@executable_path/Frameworks",
					"@loader_path/Frameworks",
				);
				PRODUCT_BUNDLE_IDENTIFIER = com.timeplify.GPChallengeUITests;
				PRODUCT_NAME = "$(TARGET_NAME)";
				SWIFT_VERSION = 4.2;
				TARGETED_DEVICE_FAMILY = "1,2";
				TEST_TARGET_NAME = GPChallenge;
			};
			name = Debug;
		};
		F7070352224721AD0086DCB5 /* Release */ = {
			isa = XCBuildConfiguration;
			buildSettings = {
				ALWAYS_EMBED_SWIFT_STANDARD_LIBRARIES = YES;
				CODE_SIGN_STYLE = Automatic;
				INFOPLIST_FILE = GPChallengeUITests/Info.plist;
				LD_RUNPATH_SEARCH_PATHS = (
					"$(inherited)",
					"@executable_path/Frameworks",
					"@loader_path/Frameworks",
				);
				PRODUCT_BUNDLE_IDENTIFIER = com.timeplify.GPChallengeUITests;
				PRODUCT_NAME = "$(TARGET_NAME)";
				SWIFT_VERSION = 4.2;
				TARGETED_DEVICE_FAMILY = "1,2";
				TEST_TARGET_NAME = GPChallenge;
			};
			name = Release;
		};
/* End XCBuildConfiguration section */

/* Begin XCConfigurationList section */
		F707031D224721AA0086DCB5 /* Build configuration list for PBXProject "GPChallenge" */ = {
			isa = XCConfigurationList;
			buildConfigurations = (
				F7070348224721AD0086DCB5 /* Debug */,
				F7070349224721AD0086DCB5 /* Release */,
			);
			defaultConfigurationIsVisible = 0;
			defaultConfigurationName = Release;
		};
		F707034A224721AD0086DCB5 /* Build configuration list for PBXNativeTarget "GPChallenge" */ = {
			isa = XCConfigurationList;
			buildConfigurations = (
				F707034B224721AD0086DCB5 /* Debug */,
				F707034C224721AD0086DCB5 /* Release */,
			);
			defaultConfigurationIsVisible = 0;
			defaultConfigurationName = Release;
		};
		F707034D224721AD0086DCB5 /* Build configuration list for PBXNativeTarget "GPChallengeTests" */ = {
			isa = XCConfigurationList;
			buildConfigurations = (
				F707034E224721AD0086DCB5 /* Debug */,
				F707034F224721AD0086DCB5 /* Release */,
			);
			defaultConfigurationIsVisible = 0;
			defaultConfigurationName = Release;
		};
		F7070350224721AD0086DCB5 /* Build configuration list for PBXNativeTarget "GPChallengeUITests" */ = {
			isa = XCConfigurationList;
			buildConfigurations = (
				F7070351224721AD0086DCB5 /* Debug */,
				F7070352224721AD0086DCB5 /* Release */,
			);
			defaultConfigurationIsVisible = 0;
			defaultConfigurationName = Release;
		};
/* End XCConfigurationList section */
	};
	rootObject = F707031A224721AA0086DCB5 /* Project object */;
}
